// !$*UTF8*$!
{
	archiveVersion = 1;
	classes = {
	};
	objectVersion = 50;
	objects = {

/* Begin PBXBuildFile section */
		6EBC799422F13D5A00D992BE /* AppDelegate.m in Sources */ = {isa = PBXBuildFile; fileRef = 6EBC799322F13D5A00D992BE /* AppDelegate.m */; };
		6EBC799722F13D5A00D992BE /* ViewController.m in Sources */ = {isa = PBXBuildFile; fileRef = 6EBC799622F13D5A00D992BE /* ViewController.m */; };
		6EBC799A22F13D5A00D992BE /* Main.storyboard in Resources */ = {isa = PBXBuildFile; fileRef = 6EBC799822F13D5A00D992BE /* Main.storyboard */; };
		6EBC799C22F13D5C00D992BE /* Assets.xcassets in Resources */ = {isa = PBXBuildFile; fileRef = 6EBC799B22F13D5C00D992BE /* Assets.xcassets */; };
		6EBC799F22F13D5C00D992BE /* LaunchScreen.storyboard in Resources */ = {isa = PBXBuildFile; fileRef = 6EBC799D22F13D5C00D992BE /* LaunchScreen.storyboard */; };
		6EBC79A222F13D5C00D992BE /* main.m in Sources */ = {isa = PBXBuildFile; fileRef = 6EBC79A122F13D5C00D992BE /* main.m */; };
		6EF17F6D23545EC50021CDAC /* LFCalendarHeaderView.m in Sources */ = {isa = PBXBuildFile; fileRef = 6EF17F6023545EC50021CDAC /* LFCalendarHeaderView.m */; };
		6EF17F6E23545EC50021CDAC /* NSDate+LFCalendar.m in Sources */ = {isa = PBXBuildFile; fileRef = 6EF17F6123545EC50021CDAC /* NSDate+LFCalendar.m */; };
		6EF17F6F23545EC50021CDAC /* LFCalendarView.m in Sources */ = {isa = PBXBuildFile; fileRef = 6EF17F6323545EC50021CDAC /* LFCalendarView.m */; };
		6EF17F7023545EC50021CDAC /* LFCalendarCollectionViewCell.m in Sources */ = {isa = PBXBuildFile; fileRef = 6EF17F6423545EC50021CDAC /* LFCalendarCollectionViewCell.m */; };
		6EF17F7123545EC50021CDAC /* LFCollectionViewPageLayout.m in Sources */ = {isa = PBXBuildFile; fileRef = 6EF17F6523545EC50021CDAC /* LFCollectionViewPageLayout.m */; };
		6EF17F7223545EC50021CDAC /* LFCalendarCollectionView.m in Sources */ = {isa = PBXBuildFile; fileRef = 6EF17F6823545EC50021CDAC /* LFCalendarCollectionView.m */; };
		6EF17F7323545EC50021CDAC /* LFCalendarCollectionViewCell.xib in Resources */ = {isa = PBXBuildFile; fileRef = 6EF17F6C23545EC50021CDAC /* LFCalendarCollectionViewCell.xib */; };
/* End PBXBuildFile section */

/* Begin PBXFileReference section */
		6EBC798F22F13D5A00D992BE /* LFCalendar.app */ = {isa = PBXFileReference; explicitFileType = wrapper.application; includeInIndex = 0; path = LFCalendar.app; sourceTree = BUILT_PRODUCTS_DIR; };
		6EBC799222F13D5A00D992BE /* AppDelegate.h */ = {isa = PBXFileReference; lastKnownFileType = sourcecode.c.h; path = AppDelegate.h; sourceTree = "<group>"; };
		6EBC799322F13D5A00D992BE /* AppDelegate.m */ = {isa = PBXFileReference; lastKnownFileType = sourcecode.c.objc; path = AppDelegate.m; sourceTree = "<group>"; };
		6EBC799522F13D5A00D992BE /* ViewController.h */ = {isa = PBXFileReference; lastKnownFileType = sourcecode.c.h; path = ViewController.h; sourceTree = "<group>"; };
		6EBC799622F13D5A00D992BE /* ViewController.m */ = {isa = PBXFileReference; lastKnownFileType = sourcecode.c.objc; path = ViewController.m; sourceTree = "<group>"; };
		6EBC799922F13D5A00D992BE /* Base */ = {isa = PBXFileReference; lastKnownFileType = file.storyboard; name = Base; path = Base.lproj/Main.storyboard; sourceTree = "<group>"; };
		6EBC799B22F13D5C00D992BE /* Assets.xcassets */ = {isa = PBXFileReference; lastKnownFileType = folder.assetcatalog; path = Assets.xcassets; sourceTree = "<group>"; };
		6EBC799E22F13D5C00D992BE /* Base */ = {isa = PBXFileReference; lastKnownFileType = file.storyboard; name = Base; path = Base.lproj/LaunchScreen.storyboard; sourceTree = "<group>"; };
		6EBC79A022F13D5C00D992BE /* Info.plist */ = {isa = PBXFileReference; lastKnownFileType = text.plist.xml; path = Info.plist; sourceTree = "<group>"; };
		6EBC79A122F13D5C00D992BE /* main.m */ = {isa = PBXFileReference; lastKnownFileType = sourcecode.c.objc; path = main.m; sourceTree = "<group>"; };
		6EF17F6023545EC50021CDAC /* LFCalendarHeaderView.m */ = {isa = PBXFileReference; fileEncoding = 4; lastKnownFileType = sourcecode.c.objc; path = LFCalendarHeaderView.m; sourceTree = "<group>"; };
		6EF17F6123545EC50021CDAC /* NSDate+LFCalendar.m */ = {isa = PBXFileReference; fileEncoding = 4; lastKnownFileType = sourcecode.c.objc; path = "NSDate+LFCalendar.m"; sourceTree = "<group>"; };
		6EF17F6223545EC50021CDAC /* LFCalendarCollectionView.h */ = {isa = PBXFileReference; fileEncoding = 4; lastKnownFileType = sourcecode.c.h; path = LFCalendarCollectionView.h; sourceTree = "<group>"; };
		6EF17F6323545EC50021CDAC /* LFCalendarView.m */ = {isa = PBXFileReference; fileEncoding = 4; lastKnownFileType = sourcecode.c.objc; path = LFCalendarView.m; sourceTree = "<group>"; };
		6EF17F6423545EC50021CDAC /* LFCalendarCollectionViewCell.m */ = {isa = PBXFileReference; fileEncoding = 4; lastKnownFileType = sourcecode.c.objc; path = LFCalendarCollectionViewCell.m; sourceTree = "<group>"; };
		6EF17F6523545EC50021CDAC /* LFCollectionViewPageLayout.m */ = {isa = PBXFileReference; fileEncoding = 4; lastKnownFileType = sourcecode.c.objc; path = LFCollectionViewPageLayout.m; sourceTree = "<group>"; };
		6EF17F6623545EC50021CDAC /* LFCalendarHeaderView.h */ = {isa = PBXFileReference; fileEncoding = 4; lastKnownFileType = sourcecode.c.h; path = LFCalendarHeaderView.h; sourceTree = "<group>"; };
		6EF17F6723545EC50021CDAC /* LFCalendarView.h */ = {isa = PBXFileReference; fileEncoding = 4; lastKnownFileType = sourcecode.c.h; path = LFCalendarView.h; sourceTree = "<group>"; };
		6EF17F6823545EC50021CDAC /* LFCalendarCollectionView.m */ = {isa = PBXFileReference; fileEncoding = 4; lastKnownFileType = sourcecode.c.objc; path = LFCalendarCollectionView.m; sourceTree = "<group>"; };
		6EF17F6923545EC50021CDAC /* NSDate+LFCalendar.h */ = {isa = PBXFileReference; fileEncoding = 4; lastKnownFileType = sourcecode.c.h; path = "NSDate+LFCalendar.h"; sourceTree = "<group>"; };
		6EF17F6A23545EC50021CDAC /* LFCollectionViewPageLayout.h */ = {isa = PBXFileReference; fileEncoding = 4; lastKnownFileType = sourcecode.c.h; path = LFCollectionViewPageLayout.h; sourceTree = "<group>"; };
		6EF17F6B23545EC50021CDAC /* LFCalendarCollectionViewCell.h */ = {isa = PBXFileReference; fileEncoding = 4; lastKnownFileType = sourcecode.c.h; path = LFCalendarCollectionViewCell.h; sourceTree = "<group>"; };
		6EF17F6C23545EC50021CDAC /* LFCalendarCollectionViewCell.xib */ = {isa = PBXFileReference; fileEncoding = 4; lastKnownFileType = file.xib; path = LFCalendarCollectionViewCell.xib; sourceTree = "<group>"; };
/* End PBXFileReference section */

/* Begin PBXFrameworksBuildPhase section */
		6EBC798C22F13D5A00D992BE /* Frameworks */ = {
			isa = PBXFrameworksBuildPhase;
			buildActionMask = 2147483647;
			files = (
			);
			runOnlyForDeploymentPostprocessing = 0;
		};
/* End PBXFrameworksBuildPhase section */

/* Begin PBXGroup section */
		6EBC798622F13D5A00D992BE = {
			isa = PBXGroup;
			children = (
				6EBC799122F13D5A00D992BE /* LFCalendar */,
				6EBC799022F13D5A00D992BE /* Products */,
			);
			sourceTree = "<group>";
		};
		6EBC799022F13D5A00D992BE /* Products */ = {
			isa = PBXGroup;
			children = (
				6EBC798F22F13D5A00D992BE /* LFCalendar.app */,
			);
			name = Products;
			sourceTree = "<group>";
		};
		6EBC799122F13D5A00D992BE /* LFCalendar */ = {
			isa = PBXGroup;
			children = (
				6EF17F5F23545EC50021CDAC /* DACalendar */,
				6EBC799222F13D5A00D992BE /* AppDelegate.h */,
				6EBC799322F13D5A00D992BE /* AppDelegate.m */,
				6EBC799522F13D5A00D992BE /* ViewController.h */,
				6EBC799622F13D5A00D992BE /* ViewController.m */,
				6EBC799822F13D5A00D992BE /* Main.storyboard */,
				6EBC799B22F13D5C00D992BE /* Assets.xcassets */,
				6EBC799D22F13D5C00D992BE /* LaunchScreen.storyboard */,
				6EBC79A022F13D5C00D992BE /* Info.plist */,
				6EBC79A122F13D5C00D992BE /* main.m */,
			);
			path = LFCalendar;
			sourceTree = "<group>";
		};
		6EF17F5F23545EC50021CDAC /* DACalendar */ = {
			isa = PBXGroup;
			children = (
				6EF17F6723545EC50021CDAC /* LFCalendarView.h */,
				6EF17F6323545EC50021CDAC /* LFCalendarView.m */,
				6EF17F6623545EC50021CDAC /* LFCalendarHeaderView.h */,
				6EF17F6023545EC50021CDAC /* LFCalendarHeaderView.m */,
				6EF17F6223545EC50021CDAC /* LFCalendarCollectionView.h */,
				6EF17F6823545EC50021CDAC /* LFCalendarCollectionView.m */,
				6EF17F6A23545EC50021CDAC /* LFCollectionViewPageLayout.h */,
				6EF17F6523545EC50021CDAC /* LFCollectionViewPageLayout.m */,
				6EF17F6B23545EC50021CDAC /* LFCalendarCollectionViewCell.h */,
				6EF17F6423545EC50021CDAC /* LFCalendarCollectionViewCell.m */,
				6EF17F6C23545EC50021CDAC /* LFCalendarCollectionViewCell.xib */,
				6EF17F6923545EC50021CDAC /* NSDate+LFCalendar.h */,
				6EF17F6123545EC50021CDAC /* NSDate+LFCalendar.m */,
			);
			path = DACalendar;
			sourceTree = "<group>";
		};
/* End PBXGroup section */

/* Begin PBXNativeTarget section */
		6EBC798E22F13D5A00D992BE /* LFCalendar */ = {
			isa = PBXNativeTarget;
			buildConfigurationList = 6EBC79A522F13D5C00D992BE /* Build configuration list for PBXNativeTarget "LFCalendar" */;
			buildPhases = (
				6EBC798B22F13D5A00D992BE /* Sources */,
				6EBC798C22F13D5A00D992BE /* Frameworks */,
				6EBC798D22F13D5A00D992BE /* Resources */,
			);
			buildRules = (
			);
			dependencies = (
			);
			name = LFCalendar;
			productName = LFCalendar;
			productReference = 6EBC798F22F13D5A00D992BE /* LFCalendar.app */;
			productType = "com.apple.product-type.application";
		};
/* End PBXNativeTarget section */

/* Begin PBXProject section */
		6EBC798722F13D5A00D992BE /* Project object */ = {
			isa = PBXProject;
			attributes = {
				LastUpgradeCheck = 1020;
				ORGANIZATIONNAME = "linfeng wang";
				TargetAttributes = {
					6EBC798E22F13D5A00D992BE = {
						CreatedOnToolsVersion = 10.2.1;
					};
				};
			};
			buildConfigurationList = 6EBC798A22F13D5A00D992BE /* Build configuration list for PBXProject "LFCalendar" */;
			compatibilityVersion = "Xcode 9.3";
			developmentRegion = en;
			hasScannedForEncodings = 0;
			knownRegions = (
				en,
				Base,
			);
			mainGroup = 6EBC798622F13D5A00D992BE;
			productRefGroup = 6EBC799022F13D5A00D992BE /* Products */;
			projectDirPath = "";
			projectRoot = "";
			targets = (
				6EBC798E22F13D5A00D992BE /* LFCalendar */,
			);
		};
/* End PBXProject section */

/* Begin PBXResourcesBuildPhase section */
		6EBC798D22F13D5A00D992BE /* Resources */ = {
			isa = PBXResourcesBuildPhase;
			buildActionMask = 2147483647;
			files = (
				6EBC799F22F13D5C00D992BE /* LaunchScreen.storyboard in Resources */,
				6EBC799C22F13D5C00D992BE /* Assets.xcassets in Resources */,
				6EF17F7323545EC50021CDAC /* LFCalendarCollectionViewCell.xib in Resources */,
				6EBC799A22F13D5A00D992BE /* Main.storyboard in Resources */,
			);
			runOnlyForDeploymentPostprocessing = 0;
		};
/* End PBXResourcesBuildPhase section */

/* Begin PBXSourcesBuildPhase section */
		6EBC798B22F13D5A00D992BE /* Sources */ = {
			isa = PBXSourcesBuildPhase;
			buildActionMask = 2147483647;
			files = (
				6EBC799722F13D5A00D992BE /* ViewController.m in Sources */,
				6EF17F6E23545EC50021CDAC /* NSDate+LFCalendar.m in Sources */,
				6EF17F6F23545EC50021CDAC /* LFCalendarView.m in Sources */,
				6EBC79A222F13D5C00D992BE /* main.m in Sources */,
				6EF17F6D23545EC50021CDAC /* LFCalendarHeaderView.m in Sources */,
				6EF17F7123545EC50021CDAC /* LFCollectionViewPageLayout.m in Sources */,
				6EF17F7223545EC50021CDAC /* LFCalendarCollectionView.m in Sources */,
				6EF17F7023545EC50021CDAC /* LFCalendarCollectionViewCell.m in Sources */,
				6EBC799422F13D5A00D992BE /* AppDelegate.m in Sources */,
			);
			runOnlyForDeploymentPostprocessing = 0;
		};
/* End PBXSourcesBuildPhase section */

/* Begin PBXVariantGroup section */
		6EBC799822F13D5A00D992BE /* Main.storyboard */ = {
			isa = PBXVariantGroup;
			children = (
				6EBC799922F13D5A00D992BE /* Base */,
			);
			name = Main.storyboard;
			sourceTree = "<group>";
		};
		6EBC799D22F13D5C00D992BE /* LaunchScreen.storyboard */ = {
			isa = PBXVariantGroup;
			children = (
				6EBC799E22F13D5C00D992BE /* Base */,
			);
			name = LaunchScreen.storyboard;
			sourceTree = "<group>";
		};
/* End PBXVariantGroup section */

/* Begin XCBuildConfiguration section */
		6EBC79A322F13D5C00D992BE /* Debug */ = {
			isa = XCBuildConfiguration;
			buildSettings = {
				ALWAYS_SEARCH_USER_PATHS = NO;
				CLANG_ANALYZER_NONNULL = YES;
				CLANG_ANALYZER_NUMBER_OBJECT_CONVERSION = YES_AGGRESSIVE;
				CLANG_CXX_LANGUAGE_STANDARD = "gnu++14";
				CLANG_CXX_LIBRARY = "libc++";
				CLANG_ENABLE_MODULES = YES;
				CLANG_ENABLE_OBJC_ARC = YES;
				CLANG_ENABLE_OBJC_WEAK = YES;
				CLANG_WARN_BLOCK_CAPTURE_AUTORELEASING = YES;
				CLANG_WARN_BOOL_CONVERSION = YES;
				CLANG_WARN_COMMA = YES;
				CLANG_WARN_CONSTANT_CONVERSION = YES;
				CLANG_WARN_DEPRECATED_OBJC_IMPLEMENTATIONS = YES;
				CLANG_WARN_DIRECT_OBJC_ISA_USAGE = YES_ERROR;
				CLANG_WARN_DOCUMENTATION_COMMENTS = YES;
				CLANG_WARN_EMPTY_BODY = YES;
				CLANG_WARN_ENUM_CONVERSION = YES;
				CLANG_WARN_INFINITE_RECURSION = YES;
				CLANG_WARN_INT_CONVERSION = YES;
				CLANG_WARN_NON_LITERAL_NULL_CONVERSION = YES;
				CLANG_WARN_OBJC_IMPLICIT_RETAIN_SELF = YES;
				CLANG_WARN_OBJC_LITERAL_CONVERSION = YES;
				CLANG_WARN_OBJC_ROOT_CLASS = YES_ERROR;
				CLANG_WARN_RANGE_LOOP_ANALYSIS = YES;
				CLANG_WARN_STRICT_PROTOTYPES = YES;
				CLANG_WARN_SUSPICIOUS_MOVE = YES;
				CLANG_WARN_UNGUARDED_AVAILABILITY = YES_AGGRESSIVE;
				CLANG_WARN_UNREACHABLE_CODE = YES;
				CLANG_WARN__DUPLICATE_METHOD_MATCH = YES;
				CODE_SIGN_IDENTITY = "iPhone Developer";
				COPY_PHASE_STRIP = NO;
				DEBUG_INFORMATION_FORMAT = dwarf;
				ENABLE_STRICT_OBJC_MSGSEND = YES;
				ENABLE_TESTABILITY = YES;
				GCC_C_LANGUAGE_STANDARD = gnu11;
				GCC_DYNAMIC_NO_PIC = NO;
				GCC_NO_COMMON_BLOCKS = YES;
				GCC_OPTIMIZATION_LEVEL = 0;
				GCC_PREPROCESSOR_DEFINITIONS = (
					"DEBUG=1",
					"$(inherited)",
				);
				GCC_WARN_64_TO_32_BIT_CONVERSION = YES;
				GCC_WARN_ABOUT_RETURN_TYPE = YES_ERROR;
				GCC_WARN_UNDECLARED_SELECTOR = YES;
				GCC_WARN_UNINITIALIZED_AUTOS = YES_AGGRESSIVE;
				GCC_WARN_UNUSED_FUNCTION = YES;
				GCC_WARN_UNUSED_VARIABLE = YES;
				IPHONEOS_DEPLOYMENT_TARGET = 12.2;
				MTL_ENABLE_DEBUG_INFO = INCLUDE_SOURCE;
				MTL_FAST_MATH = YES;
				ONLY_ACTIVE_ARCH = YES;
				SDKROOT = iphoneos;
			};
			name = Debug;
		};
		6EBC79A422F13D5C00D992BE /* Release */ = {
			isa = XCBuildConfiguration;
			buildSettings = {
				ALWAYS_SEARCH_USER_PATHS = NO;
				CLANG_ANALYZER_NONNULL = YES;
				CLANG_ANALYZER_NUMBER_OBJECT_CONVERSION = YES_AGGRESSIVE;
				CLANG_CXX_LANGUAGE_STANDARD = "gnu++14";
				CLANG_CXX_LIBRARY = "libc++";
				CLANG_ENABLE_MODULES = YES;
				CLANG_ENABLE_OBJC_ARC = YES;
				CLANG_ENABLE_OBJC_WEAK = YES;
				CLANG_WARN_BLOCK_CAPTURE_AUTORELEASING = YES;
				CLANG_WARN_BOOL_CONVERSION = YES;
				CLANG_WARN_COMMA = YES;
				CLANG_WARN_CONSTANT_CONVERSION = YES;
				CLANG_WARN_DEPRECATED_OBJC_IMPLEMENTATIONS = YES;
				CLANG_WARN_DIRECT_OBJC_ISA_USAGE = YES_ERROR;
				CLANG_WARN_DOCUMENTATION_COMMENTS = YES;
				CLANG_WARN_EMPTY_BODY = YES;
				CLANG_WARN_ENUM_CONVERSION = YES;
				CLANG_WARN_INFINITE_RECURSION = YES;
				CLANG_WARN_INT_CONVERSION = YES;
				CLANG_WARN_NON_LITERAL_NULL_CONVERSION = YES;
				CLANG_WARN_OBJC_IMPLICIT_RETAIN_SELF = YES;
				CLANG_WARN_OBJC_LITERAL_CONVERSION = YES;
				CLANG_WARN_OBJC_ROOT_CLASS = YES_ERROR;
				CLANG_WARN_RANGE_LOOP_ANALYSIS = YES;
				CLANG_WARN_STRICT_PROTOTYPES = YES;
				CLANG_WARN_SUSPICIOUS_MOVE = YES;
				CLANG_WARN_UNGUARDED_AVAILABILITY = YES_AGGRESSIVE;
				CLANG_WARN_UNREACHABLE_CODE = YES;
				CLANG_WARN__DUPLICATE_METHOD_MATCH = YES;
				CODE_SIGN_IDENTITY = "iPhone Developer";
				COPY_PHASE_STRIP = NO;
				DEBUG_INFORMATION_FORMAT = "dwarf-with-dsym";
				ENABLE_NS_ASSERTIONS = NO;
				ENABLE_STRICT_OBJC_MSGSEND = YES;
				GCC_C_LANGUAGE_STANDARD = gnu11;
				GCC_NO_COMMON_BLOCKS = YES;
				GCC_WARN_64_TO_32_BIT_CONVERSION = YES;
				GCC_WARN_ABOUT_RETURN_TYPE = YES_ERROR;
				GCC_WARN_UNDECLARED_SELECTOR = YES;
				GCC_WARN_UNINITIALIZED_AUTOS = YES_AGGRESSIVE;
				GCC_WARN_UNUSED_FUNCTION = YES;
				GCC_WARN_UNUSED_VARIABLE = YES;
				IPHONEOS_DEPLOYMENT_TARGET = 12.2;
				MTL_ENABLE_DEBUG_INFO = NO;
				MTL_FAST_MATH = YES;
				SDKROOT = iphoneos;
				VALIDATE_PRODUCT = YES;
			};
			name = Release;
		};
		6EBC79A622F13D5C00D992BE /* Debug */ = {
			isa = XCBuildConfiguration;
			buildSettings = {
				ASSETCATALOG_COMPILER_APPICON_NAME = AppIcon;
				CODE_SIGN_STYLE = Automatic;
				DEVELOPMENT_TEAM = 883RSPQJ96;
				INFOPLIST_FILE = LFCalendar/Info.plist;
				LD_RUNPATH_SEARCH_PATHS = (
					"$(inherited)",
					"@executable_path/Frameworks",
				);
				PRODUCT_BUNDLE_IDENTIFIER = com.demo.wlf.LFCalendar;
				PRODUCT_NAME = "$(TARGET_NAME)";
				TARGETED_DEVICE_FAMILY = "1,2";
			};
			name = Debug;
		};
		6EBC79A722F13D5C00D992BE /* Release */ = {
			isa = XCBuildConfiguration;
			buildSettings = {
				ASSETCATALOG_COMPILER_APPICON_NAME = AppIcon;
				CODE_SIGN_STYLE = Automatic;
				DEVELOPMENT_TEAM = 883RSPQJ96;
				INFOPLIST_FILE = LFCalendar/Info.plist;
				LD_RUNPATH_SEARCH_PATHS = (
					"$(inherited)",
					"@executable_path/Frameworks",
				);
				PRODUCT_BUNDLE_IDENTIFIER = com.demo.wlf.LFCalendar;
				PRODUCT_NAME = "$(TARGET_NAME)";
				TARGETED_DEVICE_FAMILY = "1,2";
			};
			name = Release;
		};
/* End XCBuildConfiguration section */

/* Begin XCConfigurationList section */
		6EBC798A22F13D5A00D992BE /* Build configuration list for PBXProject "LFCalendar" */ = {
			isa = XCConfigurationList;
			buildConfigurations = (
				6EBC79A322F13D5C00D992BE /* Debug */,
				6EBC79A422F13D5C00D992BE /* Release */,
			);
			defaultConfigurationIsVisible = 0;
			defaultConfigurationName = Release;
		};
		6EBC79A522F13D5C00D992BE /* Build configuration list for PBXNativeTarget "LFCalendar" */ = {
			isa = XCConfigurationList;
			buildConfigurations = (
				6EBC79A622F13D5C00D992BE /* Debug */,
				6EBC79A722F13D5C00D992BE /* Release */,
			);
			defaultConfigurationIsVisible = 0;
			defaultConfigurationName = Release;
		};
/* End XCConfigurationList section */
	};
	rootObject = 6EBC798722F13D5A00D992BE /* Project object */;
}
